
Microsoft Visual Studio Solution File, Format Version 12.00
# Visual Studio Version 17
VisualStudioVersion = 17.11.35327.3
MinimumVisualStudioVersion = 10.0.40219.1
Project("{FAE04EC0-301F-11D3-BF4B-00C04F79EFBC}") = "S10259209_PRG2Assignment", "S10259209_PRG2Assignment.csproj", "{97B769E8-0A10-49E3-B285-8912DDB830CC}"
EndProject
Global
	GlobalSection(SolutionConfigurationPlatforms) = preSolution
		Debug|Any CPU = Debug|Any CPU
		Release|Any CPU = Release|Any CPU
	EndGlobalSection
	GlobalSection(ProjectConfigurationPlatforms) = postSolution
		{97B769E8-0A10-49E3-B285-8912DDB830CC}.Debug|Any CPU.ActiveCfg = Debug|Any CPU
		{97B769E8-0A10-49E3-B285-8912DDB830CC}.Debug|Any CPU.Build.0 = Debug|Any CPU
		{97B769E8-0A10-49E3-B285-8912DDB830CC}.Release|Any CPU.ActiveCfg = Release|Any CPU
		{97B769E8-0A10-49E3-B285-8912DDB830CC}.Release|Any CPU.Build.0 = Release|Any CPU
	EndGlobalSection
	GlobalSection(SolutionProperties) = preSolution
		HideSolutionNode = FALSE
	EndGlobalSection
	GlobalSection(ExtensibilityGlobals) = postSolution
		SolutionGuid = {19610CE5-1CEA-49A2-B263-5DAE4955AFC1}
	EndGlobalSection
EndGlobal
